<?xml version="1.0" encoding="utf-8"?>
<Project ToolsVersion="4.0" xmlns="http://schemas.microsoft.com/developer/msbuild/2003">
  <ItemGroup>
    <Filter Include="mesh">
      <UniqueIdentifier>{e6a96e27-2d61-49d9-9c8e-681273af6812}</UniqueIdentifier>
    </Filter>
    <Filter Include="utility">
      <UniqueIdentifier>{4ce00f9e-6c44-405a-9a4a-3e5cbf65e921}</UniqueIdentifier>
    </Filter>
    <Filter Include="rendering">
      <UniqueIdentifier>{0ecfedd6-5b69-43ed-ad41-9950ffa80f93}</UniqueIdentifier>
    </Filter>
    <Filter Include="shaders">
      <UniqueIdentifier>{fdb97c16-e82a-4597-88dd-e8d9e8c433d6}</UniqueIdentifier>
    </Filter>
  </ItemGroup>
  <ItemGroup>
    <ClCompile Include="utility\fileutil.cpp">
      <Filter>utility</Filter>
    </ClCompile>
    <ClCompile Include="test.cpp" />
    <ClCompile Include="utility\floatfile.cpp">
      <Filter>utility</Filter>
    </ClCompile>
    <ClCompile Include="utility\memory.cpp">
      <Filter>utility</Filter>
    </ClCompile>
    <ClCompile Include="utility\parallel.cpp">
      <Filter>utility</Filter>
    </ClCompile>
    <ClCompile Include="utility\transform.cpp">
      <Filter>utility</Filter>
    </ClCompile>
    <ClCompile Include="utility\quaternion.cpp">
      <Filter>utility</Filter>
    </ClCompile>
    <ClCompile Include="mesh\fbxloader.cpp">
      <Filter>mesh</Filter>
    </ClCompile>
    <ClCompile Include="utility\error.cpp">
      <Filter>utility</Filter>
    </ClCompile>
    <ClCompile Include="mesh\meshtopology.cpp">
      <Filter>mesh</Filter>
    </ClCompile>
    <ClCompile Include="rendering\d3dutil.cpp">
      <Filter>rendering</Filter>
    </ClCompile>
    <ClCompile Include="rendering\mathhelper.cpp">
      <Filter>rendering</Filter>
    </ClCompile>
    <ClCompile Include="rendering\geogenerator.cpp">
      <Filter>rendering</Filter>
    </ClCompile>
    <ClCompile Include="rendering\gametimer.cpp">
      <Filter>rendering</Filter>
    </ClCompile>
    <ClCompile Include="rendering\frameresource.cpp">
      <Filter>rendering</Filter>
    </ClCompile>
    <ClCompile Include="rendering\camera.cpp">
      <Filter>rendering</Filter>
    </ClCompile>
    <ClCompile Include="rendering\app.cpp">
      <Filter>rendering</Filter>
    </ClCompile>
    <ClCompile Include="main.cpp" />
    <ClCompile Include="rendering\shadowmap.cpp">
      <Filter>rendering</Filter>
    </ClCompile>
    <ClCompile Include="rendering\ssao.cpp">
      <Filter>rendering</Filter>
    </ClCompile>
    <ClCompile Include="rendering\deviceresources.cpp">
      <Filter>rendering</Filter>
    </ClCompile>
    <ClCompile Include="rendering\renderresources.cpp">
      <Filter>rendering</Filter>
    </ClCompile>
  </ItemGroup>
  <ItemGroup>
    <ClInclude Include="utility\fileutil.h">
      <Filter>utility</Filter>
    </ClInclude>
    <ClInclude Include="utility\floatfile.h">
      <Filter>utility</Filter>
    </ClInclude>
    <ClInclude Include="utility\geometry.h">
      <Filter>utility</Filter>
    </ClInclude>
    <ClInclude Include="utility\memory.h">
      <Filter>utility</Filter>
    </ClInclude>
    <ClInclude Include="utility\parallel.h">
      <Filter>utility</Filter>
    </ClInclude>
    <ClInclude Include="utility\rng.h">
      <Filter>utility</Filter>
    </ClInclude>
    <ClInclude Include="utility\transform.h">
      <Filter>utility</Filter>
    </ClInclude>
    <ClInclude Include="utility\quaternion.h">
      <Filter>utility</Filter>
    </ClInclude>
    <ClInclude Include="utility\stringprint.h">
      <Filter>utility</Filter>
    </ClInclude>
    <ClInclude Include="utility\interval.h">
      <Filter>utility</Filter>
    </ClInclude>
    <ClInclude Include="mesh\fbxloader.h">
      <Filter>mesh</Filter>
    </ClInclude>
    <ClInclude Include="utility\utility.h">
      <Filter>utility</Filter>
    </ClInclude>
    <ClInclude Include="utility\error.h">
      <Filter>utility</Filter>
    </ClInclude>
    <ClInclude Include="mesh\meshtopology.h">
      <Filter>mesh</Filter>
    </ClInclude>
    <ClInclude Include="rendering\d3dx12.h">
      <Filter>rendering</Filter>
    </ClInclude>
    <ClInclude Include="rendering\d3dutil.h">
      <Filter>rendering</Filter>
    </ClInclude>
    <ClInclude Include="rendering\mathhelper.h">
      <Filter>rendering</Filter>
    </ClInclude>
    <ClInclude Include="rendering\geogenerator.h">
      <Filter>rendering</Filter>
    </ClInclude>
    <ClInclude Include="rendering\gametimer.h">
      <Filter>rendering</Filter>
    </ClInclude>
    <ClInclude Include="rendering\uploadbuffer.h">
      <Filter>rendering</Filter>
    </ClInclude>
    <ClInclude Include="rendering\frameresource.h">
      <Filter>rendering</Filter>
    </ClInclude>
    <ClInclude Include="rendering\camera.h">
      <Filter>rendering</Filter>
    </ClInclude>
    <ClInclude Include="rendering\app.h">
      <Filter>rendering</Filter>
    </ClInclude>
    <ClInclude Include="rendering\shadowmap.h">
      <Filter>rendering</Filter>
    </ClInclude>
    <ClInclude Include="rendering\ssao.h">
      <Filter>rendering</Filter>
    </ClInclude>
    <ClInclude Include="rendering\deviceresources.h">
      <Filter>rendering</Filter>
    </ClInclude>
    <ClInclude Include="rendering\bridgestructs.h">
      <Filter>rendering</Filter>
    </ClInclude>
    <ClInclude Include="rendering\renderresources.h">
      <Filter>rendering</Filter>
    </ClInclude>
    <ClInclude Include="myapp.h" />
  </ItemGroup>
  <ItemGroup>
    <None Include="shaders\lightingutil.hlsl">
      <Filter>shaders</Filter>
    </None>
    <None Include="shaders\common.hlsl">
      <Filter>shaders</Filter>
    </None>
    <None Include="shaders\default.hlsl">
      <Filter>shaders</Filter>
    </None>
    <None Include="shaders\shadows.hlsl">
      <Filter>shaders</Filter>
    </None>
    <None Include="shaders\ssao.hlsl">
      <Filter>shaders</Filter>
    </None>
    <None Include="shaders\ssaoblur.hlsl">
      <Filter>shaders</Filter>
    </None>
    <None Include="shaders\debug.hlsl">
      <Filter>shaders</Filter>
    </None>
    <None Include="shaders\drawnormals.hlsl">
      <Filter>shaders</Filter>
    </None>
  </ItemGroup>
</Project>